
Microsoft Visual Studio Solution File, Format Version 12.00
# Visual Studio Version 16
VisualStudioVersion = 16.0.30320.27
MinimumVisualStudioVersion = 10.0.40219.1
Project("{FAE04EC0-301F-11D3-BF4B-00C04F79EFBC}") = "Basics", "Basics\Basics.csproj", "{0242F6A4-67FD-49EE-A046-01D3DFD5C5AB}"
EndProject
Global
	GlobalSection(SolutionConfigurationPlatforms) = preSolution
		Debug|Any CPU = Debug|Any CPU
		Release|Any CPU = Release|Any CPU
	EndGlobalSection
	GlobalSection(ProjectConfigurationPlatforms) = postSolution
		{0242F6A4-67FD-49EE-A046-01D3DFD5C5AB}.Debug|Any CPU.ActiveCfg = Debug|Any CPU
		{0242F6A4-67FD-49EE-A046-01D3DFD5C5AB}.Debug|Any CPU.Build.0 = Debug|Any CPU
		{0242F6A4-67FD-49EE-A046-01D3DFD5C5AB}.Release|Any CPU.ActiveCfg = Release|Any CPU
		{0242F6A4-67FD-49EE-A046-01D3DFD5C5AB}.Release|Any CPU.Build.0 = Release|Any CPU
	EndGlobalSection
	GlobalSection(SolutionProperties) = preSolution
		HideSolutionNode = FALSE
	EndGlobalSection
	GlobalSection(ExtensibilityGlobals) = postSolution
		SolutionGuid = {B5B149B1-F189-4664-88B3-489ACF2F2879}
	EndGlobalSection
EndGlobal
